// !$*UTF8*$!
{
	archiveVersion = 1;
	classes = {
	};
	objectVersion = 46;
	objects = {

/* Begin PBXBuildFile section */
		F5C811B61B9F672700142ADB /* AppDelegate.swift in Sources */ = {isa = PBXBuildFile; fileRef = F5C811B51B9F672700142ADB /* AppDelegate.swift */; };
		F5C811B81B9F672700142ADB /* ViewController.swift in Sources */ = {isa = PBXBuildFile; fileRef = F5C811B71B9F672700142ADB /* ViewController.swift */; };
		F5C811BB1B9F672700142ADB /* Main.storyboard in Resources */ = {isa = PBXBuildFile; fileRef = F5C811B91B9F672700142ADB /* Main.storyboard */; };
		F5C811BD1B9F672700142ADB /* Images.xcassets in Resources */ = {isa = PBXBuildFile; fileRef = F5C811BC1B9F672700142ADB /* Images.xcassets */; };
		F5C811C01B9F672700142ADB /* LaunchScreen.xib in Resources */ = {isa = PBXBuildFile; fileRef = F5C811BE1B9F672700142ADB /* LaunchScreen.xib */; };
		F5C811CC1B9F672700142ADB /* JOia2Tests.swift in Sources */ = {isa = PBXBuildFile; fileRef = F5C811CB1B9F672700142ADB /* JOia2Tests.swift */; };
/* End PBXBuildFile section */

/* Begin PBXContainerItemProxy section */
		F5C811C61B9F672700142ADB /* PBXContainerItemProxy */ = {
			isa = PBXContainerItemProxy;
			containerPortal = F5C811A81B9F672700142ADB /* Project object */;
			proxyType = 1;
			remoteGlobalIDString = F5C811AF1B9F672700142ADB;
			remoteInfo = JOia2;
		};
/* End PBXContainerItemProxy section */

/* Begin PBXFileReference section */
		F5C811B01B9F672700142ADB /* JOia2.app */ = {isa = PBXFileReference; explicitFileType = wrapper.application; includeInIndex = 0; path = JOia2.app; sourceTree = BUILT_PRODUCTS_DIR; };
		F5C811B41B9F672700142ADB /* Info.plist */ = {isa = PBXFileReference; lastKnownFileType = text.plist.xml; path = Info.plist; sourceTree = "<group>"; };
		F5C811B51B9F672700142ADB /* AppDelegate.swift */ = {isa = PBXFileReference; lastKnownFileType = sourcecode.swift; path = AppDelegate.swift; sourceTree = "<group>"; };
		F5C811B71B9F672700142ADB /* ViewController.swift */ = {isa = PBXFileReference; lastKnownFileType = sourcecode.swift; path = ViewController.swift; sourceTree = "<group>"; };
		F5C811BA1B9F672700142ADB /* Base */ = {isa = PBXFileReference; lastKnownFileType = file.storyboard; name = Base; path = Base.lproj/Main.storyboard; sourceTree = "<group>"; };
		F5C811BC1B9F672700142ADB /* Images.xcassets */ = {isa = PBXFileReference; lastKnownFileType = folder.assetcatalog; path = Images.xcassets; sourceTree = "<group>"; };
		F5C811BF1B9F672700142ADB /* Base */ = {isa = PBXFileReference; lastKnownFileType = file.xib; name = Base; path = Base.lproj/LaunchScreen.xib; sourceTree = "<group>"; };
		F5C811C51B9F672700142ADB /* JOia2Tests.xctest */ = {isa = PBXFileReference; explicitFileType = wrapper.cfbundle; includeInIndex = 0; path = JOia2Tests.xctest; sourceTree = BUILT_PRODUCTS_DIR; };
		F5C811CA1B9F672700142ADB /* Info.plist */ = {isa = PBXFileReference; lastKnownFileType = text.plist.xml; path = Info.plist; sourceTree = "<group>"; };
		F5C811CB1B9F672700142ADB /* JOia2Tests.swift */ = {isa = PBXFileReference; lastKnownFileType = sourcecode.swift; path = JOia2Tests.swift; sourceTree = "<group>"; };
/* End PBXFileReference section */

/* Begin PBXFrameworksBuildPhase section */
		F5C811AD1B9F672700142ADB /* Frameworks */ = {
			isa = PBXFrameworksBuildPhase;
			buildActionMask = 2147483647;
			files = (
			);
			runOnlyForDeploymentPostprocessing = 0;
		};
		F5C811C21B9F672700142ADB /* Frameworks */ = {
			isa = PBXFrameworksBuildPhase;
			buildActionMask = 2147483647;
			files = (
			);
			runOnlyForDeploymentPostprocessing = 0;
		};
/* End PBXFrameworksBuildPhase section */

/* Begin PBXGroup section */
		F5C811A71B9F672700142ADB = {
			isa = PBXGroup;
			children = (
				F5C811B21B9F672700142ADB /* JOia2 */,
				F5C811C81B9F672700142ADB /* JOia2Tests */,
				F5C811B11B9F672700142ADB /* Products */,
			);
			sourceTree = "<group>";
		};
		F5C811B11B9F672700142ADB /* Products */ = {
			isa = PBXGroup;
			children = (
				F5C811B01B9F672700142ADB /* JOia2.app */,
				F5C811C51B9F672700142ADB /* JOia2Tests.xctest */,
			);
			name = Products;
			sourceTree = "<group>";
		};
		F5C811B21B9F672700142ADB /* JOia2 */ = {
			isa = PBXGroup;
			children = (
				F5C811B51B9F672700142ADB /* AppDelegate.swift */,
				F5C811B71B9F672700142ADB /* ViewController.swift */,
				F5C811B91B9F672700142ADB /* Main.storyboard */,
				F5C811BC1B9F672700142ADB /* Images.xcassets */,
				F5C811BE1B9F672700142ADB /* LaunchScreen.xib */,
				F5C811B31B9F672700142ADB /* Supporting Files */,
			);
			path = JOia2;
			sourceTree = "<group>";
		};
		F5C811B31B9F672700142ADB /* Supporting Files */ = {
			isa = PBXGroup;
			children = (
				F5C811B41B9F672700142ADB /* Info.plist */,
			);
			name = "Supporting Files";
			sourceTree = "<group>";
		};
		F5C811C81B9F672700142ADB /* JOia2Tests */ = {
			isa = PBXGroup;
			children = (
				F5C811CB1B9F672700142ADB /* JOia2Tests.swift */,
				F5C811C91B9F672700142ADB /* Supporting Files */,
			);
			path = JOia2Tests;
			sourceTree = "<group>";
		};
		F5C811C91B9F672700142ADB /* Supporting Files */ = {
			isa = PBXGroup;
			children = (
				F5C811CA1B9F672700142ADB /* Info.plist */,
			);
			name = "Supporting Files";
			sourceTree = "<group>";
		};
/* End PBXGroup section */

/* Begin PBXNativeTarget section */
		F5C811AF1B9F672700142ADB /* JOia2 */ = {
			isa = PBXNativeTarget;
			buildConfigurationList = F5C811CF1B9F672700142ADB /* Build configuration list for PBXNativeTarget "JOia2" */;
			buildPhases = (
				F5C811AC1B9F672700142ADB /* Sources */,
				F5C811AD1B9F672700142ADB /* Frameworks */,
				F5C811AE1B9F672700142ADB /* Resources */,
			);
			buildRules = (
			);
			dependencies = (
			);
			name = JOia2;
			productName = JOia2;
			productReference = F5C811B01B9F672700142ADB /* JOia2.app */;
			productType = "com.apple.product-type.application";
		};
		F5C811C41B9F672700142ADB /* JOia2Tests */ = {
			isa = PBXNativeTarget;
			buildConfigurationList = F5C811D21B9F672700142ADB /* Build configuration list for PBXNativeTarget "JOia2Tests" */;
			buildPhases = (
				F5C811C11B9F672700142ADB /* Sources */,
				F5C811C21B9F672700142ADB /* Frameworks */,
				F5C811C31B9F672700142ADB /* Resources */,
			);
			buildRules = (
			);
			dependencies = (
				F5C811C71B9F672700142ADB /* PBXTargetDependency */,
			);
			name = JOia2Tests;
			productName = JOia2Tests;
			productReference = F5C811C51B9F672700142ADB /* JOia2Tests.xctest */;
			productType = "com.apple.product-type.bundle.unit-test";
		};
/* End PBXNativeTarget section */

/* Begin PBXProject section */
		F5C811A81B9F672700142ADB /* Project object */ = {
			isa = PBXProject;
			attributes = {
				LastUpgradeCheck = 0640;
				ORGANIZATIONNAME = Nylon;
				TargetAttributes = {
					F5C811AF1B9F672700142ADB = {
						CreatedOnToolsVersion = 6.4;
					};
					F5C811C41B9F672700142ADB = {
						CreatedOnToolsVersion = 6.4;
						TestTargetID = F5C811AF1B9F672700142ADB;
					};
				};
			};
			buildConfigurationList = F5C811AB1B9F672700142ADB /* Build configuration list for PBXProject "JOia2" */;
			compatibilityVersion = "Xcode 3.2";
			developmentRegion = English;
			hasScannedForEncodings = 0;
			knownRegions = (
				en,
				Base,
			);
			mainGroup = F5C811A71B9F672700142ADB;
			productRefGroup = F5C811B11B9F672700142ADB /* Products */;
			projectDirPath = "";
			projectRoot = "";
			targets = (
				F5C811AF1B9F672700142ADB /* JOia2 */,
				F5C811C41B9F672700142ADB /* JOia2Tests */,
			);
		};
/* End PBXProject section */

/* Begin PBXResourcesBuildPhase section */
		F5C811AE1B9F672700142ADB /* Resources */ = {
			isa = PBXResourcesBuildPhase;
			buildActionMask = 2147483647;
			files = (
				F5C811BB1B9F672700142ADB /* Main.storyboard in Resources */,
				F5C811C01B9F672700142ADB /* LaunchScreen.xib in Resources */,
				F5C811BD1B9F672700142ADB /* Images.xcassets in Resources */,
			);
			runOnlyForDeploymentPostprocessing = 0;
		};
		F5C811C31B9F672700142ADB /* Resources */ = {
			isa = PBXResourcesBuildPhase;
			buildActionMask = 2147483647;
			files = (
			);
			runOnlyForDeploymentPostprocessing = 0;
		};
/* End PBXResourcesBuildPhase section */

/* Begin PBXSourcesBuildPhase section */
		F5C811AC1B9F672700142ADB /* Sources */ = {
			isa = PBXSourcesBuildPhase;
			buildActionMask = 2147483647;
			files = (
				F5C811B81B9F672700142ADB /* ViewController.swift in Sources */,
				F5C811B61B9F672700142ADB /* AppDelegate.swift in Sources */,
			);
			runOnlyForDeploymentPostprocessing = 0;
		};
		F5C811C11B9F672700142ADB /* Sources */ = {
			isa = PBXSourcesBuildPhase;
			buildActionMask = 2147483647;
			files = (
				F5C811CC1B9F672700142ADB /* JOia2Tests.swift in Sources */,
			);
			runOnlyForDeploymentPostprocessing = 0;
		};
/* End PBXSourcesBuildPhase section */

/* Begin PBXTargetDependency section */
		F5C811C71B9F672700142ADB /* PBXTargetDependency */ = {
			isa = PBXTargetDependency;
			target = F5C811AF1B9F672700142ADB /* JOia2 */;
			targetProxy = F5C811C61B9F672700142ADB /* PBXContainerItemProxy */;
		};
/* End PBXTargetDependency section */

/* Begin PBXVariantGroup section */
		F5C811B91B9F672700142ADB /* Main.storyboard */ = {
			isa = PBXVariantGroup;
			children = (
				F5C811BA1B9F672700142ADB /* Base */,
			);
			name = Main.storyboard;
			sourceTree = "<group>";
		};
		F5C811BE1B9F672700142ADB /* LaunchScreen.xib */ = {
			isa = PBXVariantGroup;
			children = (
				F5C811BF1B9F672700142ADB /* Base */,
			);
			name = LaunchScreen.xib;
			sourceTree = "<group>";
		};
/* End PBXVariantGroup section */

/* Begin XCBuildConfiguration section */
		F5C811CD1B9F672700142ADB /* Debug */ = {
			isa = XCBuildConfiguration;
			buildSettings = {
				ALWAYS_SEARCH_USER_PATHS = NO;
				CLANG_CXX_LANGUAGE_STANDARD = "gnu++0x";
				CLANG_CXX_LIBRARY = "libc++";
				CLANG_ENABLE_MODULES = YES;
				CLANG_ENABLE_OBJC_ARC = YES;
				CLANG_WARN_BOOL_CONVERSION = YES;
				CLANG_WARN_CONSTANT_CONVERSION = YES;
				CLANG_WARN_DIRECT_OBJC_ISA_USAGE = YES_ERROR;
				CLANG_WARN_EMPTY_BODY = YES;
				CLANG_WARN_ENUM_CONVERSION = YES;
				CLANG_WARN_INT_CONVERSION = YES;
				CLANG_WARN_OBJC_ROOT_CLASS = YES_ERROR;
				CLANG_WARN_UNREACHABLE_CODE = YES;
				CLANG_WARN__DUPLICATE_METHOD_MATCH = YES;
				"CODE_SIGN_IDENTITY[sdk=iphoneos*]" = "iPhone Developer";
				COPY_PHASE_STRIP = NO;
				DEBUG_INFORMATION_FORMAT = "dwarf-with-dsym";
				ENABLE_STRICT_OBJC_MSGSEND = YES;
				GCC_C_LANGUAGE_STANDARD = gnu99;
				GCC_DYNAMIC_NO_PIC = NO;
				GCC_NO_COMMON_BLOCKS = YES;
				GCC_OPTIMIZATION_LEVEL = 0;
				GCC_PREPROCESSOR_DEFINITIONS = (
					"DEBUG=1",
					"$(inherited)",
				);
				GCC_SYMBOLS_PRIVATE_EXTERN = NO;
				GCC_WARN_64_TO_32_BIT_CONVERSION = YES;
				GCC_WARN_ABOUT_RETURN_TYPE = YES_ERROR;
				GCC_WARN_UNDECLARED_SELECTOR = YES;
				GCC_WARN_UNINITIALIZED_AUTOS = YES_AGGRESSIVE;
				GCC_WARN_UNUSED_FUNCTION = YES;
				GCC_WARN_UNUSED_VARIABLE = YES;
				IPHONEOS_DEPLOYMENT_TARGET = 8.4;
				MTL_ENABLE_DEBUG_INFO = YES;
				ONLY_ACTIVE_ARCH = YES;
				SDKROOT = iphoneos;
				SWIFT_OPTIMIZATION_LEVEL = "-Onone";
			};
			name = Debug;
		};
		F5C811CE1B9F672700142ADB /* Release */ = {
			isa = XCBuildConfiguration;
			buildSettings = {
				ALWAYS_SEARCH_USER_PATHS = NO;
				CLANG_CXX_LANGUAGE_STANDARD = "gnu++0x";
				CLANG_CXX_LIBRARY = "libc++";
				CLANG_ENABLE_MODULES = YES;
				CLANG_ENABLE_OBJC_ARC = YES;
				CLANG_WARN_BOOL_CONVERSION = YES;
				CLANG_WARN_CONSTANT_CONVERSION = YES;
				CLANG_WARN_DIRECT_OBJC_ISA_USAGE = YES_ERROR;
				CLANG_WARN_EMPTY_BODY = YES;
				CLANG_WARN_ENUM_CONVERSION = YES;
				CLANG_WARN_INT_CONVERSION = YES;
				CLANG_WARN_OBJC_ROOT_CLASS = YES_ERROR;
				CLANG_WARN_UNREACHABLE_CODE = YES;
				CLANG_WARN__DUPLICATE_METHOD_MATCH = YES;
				"CODE_SIGN_IDENTITY[sdk=iphoneos*]" = "iPhone Developer";
				COPY_PHASE_STRIP = NO;
				DEBUG_INFORMATION_FORMAT = "dwarf-with-dsym";
				ENABLE_NS_ASSERTIONS = NO;
				ENABLE_STRICT_OBJC_MSGSEND = YES;
				GCC_C_LANGUAGE_STANDARD = gnu99;
				GCC_NO_COMMON_BLOCKS = YES;
				GCC_WARN_64_TO_32_BIT_CONVERSION = YES;
				GCC_WARN_ABOUT_RETURN_TYPE = YES_ERROR;
				GCC_WARN_UNDECLARED_SELECTOR = YES;
				GCC_WARN_UNINITIALIZED_AUTOS = YES_AGGRESSIVE;
				GCC_WARN_UNUSED_FUNCTION = YES;
				GCC_WARN_UNUSED_VARIABLE = YES;
				IPHONEOS_DEPLOYMENT_TARGET = 8.4;
				MTL_ENABLE_DEBUG_INFO = NO;
				SDKROOT = iphoneos;
				VALIDATE_PRODUCT = YES;
			};
			name = Release;
		};
		F5C811D01B9F672700142ADB /* Debug */ = {
			isa = XCBuildConfiguration;
			buildSettings = {
				ASSETCATALOG_COMPILER_APPICON_NAME = AppIcon;
				INFOPLIST_FILE = JOia2/Info.plist;
				LD_RUNPATH_SEARCH_PATHS = "$(inherited) @executable_path/Frameworks";
				PRODUCT_NAME = "$(TARGET_NAME)";
			};
			name = Debug;
		};
		F5C811D11B9F672700142ADB /* Release */ = {
			isa = XCBuildConfiguration;
			buildSettings = {
				ASSETCATALOG_COMPILER_APPICON_NAME = AppIcon;
				INFOPLIST_FILE = JOia2/Info.plist;
				LD_RUNPATH_SEARCH_PATHS = "$(inherited) @executable_path/Frameworks";
				PRODUCT_NAME = "$(TARGET_NAME)";
			};
			name = Release;
		};
		F5C811D31B9F672700142ADB /* Debug */ = {
			isa = XCBuildConfiguration;
			buildSettings = {
				BUNDLE_LOADER = "$(TEST_HOST)";
				FRAMEWORK_SEARCH_PATHS = (
					"$(SDKROOT)/Developer/Library/Frameworks",
					"$(inherited)",
				);
				GCC_PREPROCESSOR_DEFINITIONS = (
					"DEBUG=1",
					"$(inherited)",
				);
				INFOPLIST_FILE = JOia2Tests/Info.plist;
				LD_RUNPATH_SEARCH_PATHS = "$(inherited) @executable_path/Frameworks @loader_path/Frameworks";
				PRODUCT_NAME = "$(TARGET_NAME)";
				TEST_HOST = "$(BUILT_PRODUCTS_DIR)/JOia2.app/JOia2";
			};
			name = Debug;
		};
		F5C811D41B9F672700142ADB /* Release */ = {
			isa = XCBuildConfiguration;
			buildSettings = {
				BUNDLE_LOADER = "$(TEST_HOST)";
				FRAMEWORK_SEARCH_PATHS = (
					"$(SDKROOT)/Developer/Library/Frameworks",
					"$(inherited)",
				);
				INFOPLIST_FILE = JOia2Tests/Info.plist;
				LD_RUNPATH_SEARCH_PATHS = "$(inherited) @executable_path/Frameworks @loader_path/Frameworks";
				PRODUCT_NAME = "$(TARGET_NAME)";
				TEST_HOST = "$(BUILT_PRODUCTS_DIR)/JOia2.app/JOia2";
			};
			name = Release;
		};
/* End XCBuildConfiguration section */

/* Begin XCConfigurationList section */
		F5C811AB1B9F672700142ADB /* Build configuration list for PBXProject "JOia2" */ = {
			isa = XCConfigurationList;
			buildConfigurations = (
				F5C811CD1B9F672700142ADB /* Debug */,
				F5C811CE1B9F672700142ADB /* Release */,
			);
			defaultConfigurationIsVisible = 0;
			defaultConfigurationName = Release;
		};
		F5C811CF1B9F672700142ADB /* Build configuration list for PBXNativeTarget "JOia2" */ = {
			isa = XCConfigurationList;
			buildConfigurations = (
				F5C811D01B9F672700142ADB /* Debug */,
				F5C811D11B9F672700142ADB /* Release */,
			);
			defaultConfigurationIsVisible = 0;
		};
		F5C811D21B9F672700142ADB /* Build configuration list for PBXNativeTarget "JOia2Tests" */ = {
			isa = XCConfigurationList;
			buildConfigurations = (
				F5C811D31B9F672700142ADB /* Debug */,
				F5C811D41B9F672700142ADB /* Release */,
			);
			defaultConfigurationIsVisible = 0;
		};
/* End XCConfigurationList section */
	};
	rootObject = F5C811A81B9F672700142ADB /* Project object */;
}
